
Microsoft Visual Studio Solution File, Format Version 12.00
# Visual Studio 15
VisualStudioVersion = 15.0.28307.271
MinimumVisualStudioVersion = 10.0.40219.1
Project("{FAE04EC0-301F-11D3-BF4B-00C04F79EFBC}") = "Service1", "Service1\Service1.csproj", "{993DA487-ACCB-4246-A5E9-37A1A898A6CE}"
EndProject
Global
	GlobalSection(SolutionConfigurationPlatforms) = preSolution
		Debug|Any CPU = Debug|Any CPU
		Release|Any CPU = Release|Any CPU
	EndGlobalSection
	GlobalSection(ProjectConfigurationPlatforms) = postSolution
		{993DA487-ACCB-4246-A5E9-37A1A898A6CE}.Debug|Any CPU.ActiveCfg = Debug|Any CPU
		{993DA487-ACCB-4246-A5E9-37A1A898A6CE}.Debug|Any CPU.Build.0 = Debug|Any CPU
		{993DA487-ACCB-4246-A5E9-37A1A898A6CE}.Release|Any CPU.ActiveCfg = Release|Any CPU
		{993DA487-ACCB-4246-A5E9-37A1A898A6CE}.Release|Any CPU.Build.0 = Release|Any CPU
	EndGlobalSection
	GlobalSection(SolutionProperties) = preSolution
		HideSolutionNode = FALSE
	EndGlobalSection
	GlobalSection(ExtensibilityGlobals) = postSolution
		SolutionGuid = {DA519BD3-8C83-4443-BCBB-CA9AA1362D8C}
	EndGlobalSection
EndGlobal
