
Microsoft Visual Studio Solution File, Format Version 12.00
# Visual Studio 15
VisualStudioVersion = 15.0.28307.136
MinimumVisualStudioVersion = 10.0.40219.1
Project("{FAE04EC0-301F-11D3-BF4B-00C04F79EFBC}") = "GPS_TEST", "GPS_TEST\GPS_TEST.csproj", "{DD84AA6F-5ABE-475B-B314-306D80C224FE}"
EndProject
Global
	GlobalSection(SolutionConfigurationPlatforms) = preSolution
		Debug|Any CPU = Debug|Any CPU
		Release|Any CPU = Release|Any CPU
	EndGlobalSection
	GlobalSection(ProjectConfigurationPlatforms) = postSolution
		{DD84AA6F-5ABE-475B-B314-306D80C224FE}.Debug|Any CPU.ActiveCfg = Debug|Any CPU
		{DD84AA6F-5ABE-475B-B314-306D80C224FE}.Debug|Any CPU.Build.0 = Debug|Any CPU
		{DD84AA6F-5ABE-475B-B314-306D80C224FE}.Release|Any CPU.ActiveCfg = Release|Any CPU
		{DD84AA6F-5ABE-475B-B314-306D80C224FE}.Release|Any CPU.Build.0 = Release|Any CPU
	EndGlobalSection
	GlobalSection(SolutionProperties) = preSolution
		HideSolutionNode = FALSE
	EndGlobalSection
	GlobalSection(ExtensibilityGlobals) = postSolution
		SolutionGuid = {6AA71360-AD1B-4B91-852A-A314D7021068}
	EndGlobalSection
EndGlobal
